[[package]]
name = "PuLP"
version = "2.7.0"
description = "PuLP is an LP modeler written in python. PuLP can generate MPS or LP files and call GLPK, COIN CLP/CBC, CPLEX, and GUROBI to solve linear problems."
category = "main"
optional = false
python-versions = "*"

[metadata]
lock-version = "1.1"
python-versions = "^3.10"
content-hash = "386a07c8ccfbfac34cd339cf66e934071914e5de38ad934f4d94e1aebb1e0812"

[metadata.files]
PuLP = [
    {file = "PuLP-2.7.0-py3-none-any.whl", hash = "sha256:b6de42c929e80325bf44cc7a2997f02535440800c376b9eb8cb7b4670ed53769"},
    {file = "PuLP-2.7.0.tar.gz", hash = "sha256:e73ee6b32d639c9b8cf4b4aded334ba158be5f8313544e056f796ace0a10ae63"},
]
